// !$*UTF8*$!
{
	archiveVersion = 1;
	classes = {
	};
	objectVersion = 46;
	objects = {

/* Begin PBXBuildFile section */
		63F22FCD1ED89199005BBEC2 /* AppDelegate.swift in Sources */ = {isa = PBXBuildFile; fileRef = 63F22FCC1ED89199005BBEC2 /* AppDelegate.swift */; };
		63F22FCF1ED89199005BBEC2 /* ViewController.swift in Sources */ = {isa = PBXBuildFile; fileRef = 63F22FCE1ED89199005BBEC2 /* ViewController.swift */; };
		63F22FD21ED89199005BBEC2 /* Main.storyboard in Resources */ = {isa = PBXBuildFile; fileRef = 63F22FD01ED89199005BBEC2 /* Main.storyboard */; };
		63F22FD51ED89199005BBEC2 /* Pokedex.xcdatamodeld in Sources */ = {isa = PBXBuildFile; fileRef = 63F22FD31ED89199005BBEC2 /* Pokedex.xcdatamodeld */; };
		63F22FD71ED89199005BBEC2 /* Assets.xcassets in Resources */ = {isa = PBXBuildFile; fileRef = 63F22FD61ED89199005BBEC2 /* Assets.xcassets */; };
		63F22FDA1ED89199005BBEC2 /* LaunchScreen.storyboard in Resources */ = {isa = PBXBuildFile; fileRef = 63F22FD81ED89199005BBEC2 /* LaunchScreen.storyboard */; };
		63F22FE51ED89199005BBEC2 /* PokedexTests.swift in Sources */ = {isa = PBXBuildFile; fileRef = 63F22FE41ED89199005BBEC2 /* PokedexTests.swift */; };
		63F22FF01ED89199005BBEC2 /* PokedexUITests.swift in Sources */ = {isa = PBXBuildFile; fileRef = 63F22FEF1ED89199005BBEC2 /* PokedexUITests.swift */; };
/* End PBXBuildFile section */

/* Begin PBXContainerItemProxy section */
		63F22FE11ED89199005BBEC2 /* PBXContainerItemProxy */ = {
			isa = PBXContainerItemProxy;
			containerPortal = 63F22FC11ED89198005BBEC2 /* Project object */;
			proxyType = 1;
			remoteGlobalIDString = 63F22FC81ED89199005BBEC2;
			remoteInfo = Pokedex;
		};
		63F22FEC1ED89199005BBEC2 /* PBXContainerItemProxy */ = {
			isa = PBXContainerItemProxy;
			containerPortal = 63F22FC11ED89198005BBEC2 /* Project object */;
			proxyType = 1;
			remoteGlobalIDString = 63F22FC81ED89199005BBEC2;
			remoteInfo = Pokedex;
		};
/* End PBXContainerItemProxy section */

/* Begin PBXFileReference section */
		63F22FC91ED89199005BBEC2 /* Pokedex.app */ = {isa = PBXFileReference; explicitFileType = wrapper.application; includeInIndex = 0; path = Pokedex.app; sourceTree = BUILT_PRODUCTS_DIR; };
		63F22FCC1ED89199005BBEC2 /* AppDelegate.swift */ = {isa = PBXFileReference; lastKnownFileType = sourcecode.swift; path = AppDelegate.swift; sourceTree = "<group>"; };
		63F22FCE1ED89199005BBEC2 /* ViewController.swift */ = {isa = PBXFileReference; lastKnownFileType = sourcecode.swift; path = ViewController.swift; sourceTree = "<group>"; };
		63F22FD11ED89199005BBEC2 /* Base */ = {isa = PBXFileReference; lastKnownFileType = file.storyboard; name = Base; path = Base.lproj/Main.storyboard; sourceTree = "<group>"; };
		63F22FD41ED89199005BBEC2 /* Pokedex.xcdatamodel */ = {isa = PBXFileReference; lastKnownFileType = wrapper.xcdatamodel; path = Pokedex.xcdatamodel; sourceTree = "<group>"; };
		63F22FD61ED89199005BBEC2 /* Assets.xcassets */ = {isa = PBXFileReference; lastKnownFileType = folder.assetcatalog; path = Assets.xcassets; sourceTree = "<group>"; };
		63F22FD91ED89199005BBEC2 /* Base */ = {isa = PBXFileReference; lastKnownFileType = file.storyboard; name = Base; path = Base.lproj/LaunchScreen.storyboard; sourceTree = "<group>"; };
		63F22FDB1ED89199005BBEC2 /* Info.plist */ = {isa = PBXFileReference; lastKnownFileType = text.plist.xml; path = Info.plist; sourceTree = "<group>"; };
		63F22FE01ED89199005BBEC2 /* PokedexTests.xctest */ = {isa = PBXFileReference; explicitFileType = wrapper.cfbundle; includeInIndex = 0; path = PokedexTests.xctest; sourceTree = BUILT_PRODUCTS_DIR; };
		63F22FE41ED89199005BBEC2 /* PokedexTests.swift */ = {isa = PBXFileReference; lastKnownFileType = sourcecode.swift; path = PokedexTests.swift; sourceTree = "<group>"; };
		63F22FE61ED89199005BBEC2 /* Info.plist */ = {isa = PBXFileReference; lastKnownFileType = text.plist.xml; path = Info.plist; sourceTree = "<group>"; };
		63F22FEB1ED89199005BBEC2 /* PokedexUITests.xctest */ = {isa = PBXFileReference; explicitFileType = wrapper.cfbundle; includeInIndex = 0; path = PokedexUITests.xctest; sourceTree = BUILT_PRODUCTS_DIR; };
		63F22FEF1ED89199005BBEC2 /* PokedexUITests.swift */ = {isa = PBXFileReference; lastKnownFileType = sourcecode.swift; path = PokedexUITests.swift; sourceTree = "<group>"; };
		63F22FF11ED89199005BBEC2 /* Info.plist */ = {isa = PBXFileReference; lastKnownFileType = text.plist.xml; path = Info.plist; sourceTree = "<group>"; };
/* End PBXFileReference section */

/* Begin PBXFrameworksBuildPhase section */
		63F22FC61ED89199005BBEC2 /* Frameworks */ = {
			isa = PBXFrameworksBuildPhase;
			buildActionMask = 2147483647;
			files = (
			);
			runOnlyForDeploymentPostprocessing = 0;
		};
		63F22FDD1ED89199005BBEC2 /* Frameworks */ = {
			isa = PBXFrameworksBuildPhase;
			buildActionMask = 2147483647;
			files = (
			);
			runOnlyForDeploymentPostprocessing = 0;
		};
		63F22FE81ED89199005BBEC2 /* Frameworks */ = {
			isa = PBXFrameworksBuildPhase;
			buildActionMask = 2147483647;
			files = (
			);
			runOnlyForDeploymentPostprocessing = 0;
		};
/* End PBXFrameworksBuildPhase section */

/* Begin PBXGroup section */
		63F22FC01ED89198005BBEC2 = {
			isa = PBXGroup;
			children = (
				63F22FCB1ED89199005BBEC2 /* Pokedex */,
				63F22FE31ED89199005BBEC2 /* PokedexTests */,
				63F22FEE1ED89199005BBEC2 /* PokedexUITests */,
				63F22FCA1ED89199005BBEC2 /* Products */,
			);
			sourceTree = "<group>";
		};
		63F22FCA1ED89199005BBEC2 /* Products */ = {
			isa = PBXGroup;
			children = (
				63F22FC91ED89199005BBEC2 /* Pokedex.app */,
				63F22FE01ED89199005BBEC2 /* PokedexTests.xctest */,
				63F22FEB1ED89199005BBEC2 /* PokedexUITests.xctest */,
			);
			name = Products;
			sourceTree = "<group>";
		};
		63F22FCB1ED89199005BBEC2 /* Pokedex */ = {
			isa = PBXGroup;
			children = (
				63F22FCC1ED89199005BBEC2 /* AppDelegate.swift */,
				63F22FCE1ED89199005BBEC2 /* ViewController.swift */,
				63F22FD01ED89199005BBEC2 /* Main.storyboard */,
				63F22FD61ED89199005BBEC2 /* Assets.xcassets */,
				63F22FD81ED89199005BBEC2 /* LaunchScreen.storyboard */,
				63F22FDB1ED89199005BBEC2 /* Info.plist */,
				63F22FD31ED89199005BBEC2 /* Pokedex.xcdatamodeld */,
			);
			path = Pokedex;
			sourceTree = "<group>";
		};
		63F22FE31ED89199005BBEC2 /* PokedexTests */ = {
			isa = PBXGroup;
			children = (
				63F22FE41ED89199005BBEC2 /* PokedexTests.swift */,
				63F22FE61ED89199005BBEC2 /* Info.plist */,
			);
			path = PokedexTests;
			sourceTree = "<group>";
		};
		63F22FEE1ED89199005BBEC2 /* PokedexUITests */ = {
			isa = PBXGroup;
			children = (
				63F22FEF1ED89199005BBEC2 /* PokedexUITests.swift */,
				63F22FF11ED89199005BBEC2 /* Info.plist */,
			);
			path = PokedexUITests;
			sourceTree = "<group>";
		};
/* End PBXGroup section */

/* Begin PBXNativeTarget section */
		63F22FC81ED89199005BBEC2 /* Pokedex */ = {
			isa = PBXNativeTarget;
			buildConfigurationList = 63F22FF41ED89199005BBEC2 /* Build configuration list for PBXNativeTarget "Pokedex" */;
			buildPhases = (
				63F22FC51ED89199005BBEC2 /* Sources */,
				63F22FC61ED89199005BBEC2 /* Frameworks */,
				63F22FC71ED89199005BBEC2 /* Resources */,
			);
			buildRules = (
			);
			dependencies = (
			);
			name = Pokedex;
			productName = Pokedex;
			productReference = 63F22FC91ED89199005BBEC2 /* Pokedex.app */;
			productType = "com.apple.product-type.application";
		};
		63F22FDF1ED89199005BBEC2 /* PokedexTests */ = {
			isa = PBXNativeTarget;
			buildConfigurationList = 63F22FF71ED89199005BBEC2 /* Build configuration list for PBXNativeTarget "PokedexTests" */;
			buildPhases = (
				63F22FDC1ED89199005BBEC2 /* Sources */,
				63F22FDD1ED89199005BBEC2 /* Frameworks */,
				63F22FDE1ED89199005BBEC2 /* Resources */,
			);
			buildRules = (
			);
			dependencies = (
				63F22FE21ED89199005BBEC2 /* PBXTargetDependency */,
			);
			name = PokedexTests;
			productName = PokedexTests;
			productReference = 63F22FE01ED89199005BBEC2 /* PokedexTests.xctest */;
			productType = "com.apple.product-type.bundle.unit-test";
		};
		63F22FEA1ED89199005BBEC2 /* PokedexUITests */ = {
			isa = PBXNativeTarget;
			buildConfigurationList = 63F22FFA1ED89199005BBEC2 /* Build configuration list for PBXNativeTarget "PokedexUITests" */;
			buildPhases = (
				63F22FE71ED89199005BBEC2 /* Sources */,
				63F22FE81ED89199005BBEC2 /* Frameworks */,
				63F22FE91ED89199005BBEC2 /* Resources */,
			);
			buildRules = (
			);
			dependencies = (
				63F22FED1ED89199005BBEC2 /* PBXTargetDependency */,
			);
			name = PokedexUITests;
			productName = PokedexUITests;
			productReference = 63F22FEB1ED89199005BBEC2 /* PokedexUITests.xctest */;
			productType = "com.apple.product-type.bundle.ui-testing";
		};
/* End PBXNativeTarget section */

/* Begin PBXProject section */
		63F22FC11ED89198005BBEC2 /* Project object */ = {
			isa = PBXProject;
			attributes = {
				LastSwiftUpdateCheck = 0830;
				LastUpgradeCheck = 0830;
				ORGANIZATIONNAME = "Ana Lucia";
				TargetAttributes = {
					63F22FC81ED89199005BBEC2 = {
						CreatedOnToolsVersion = 8.3.2;
						DevelopmentTeam = S2Y598CJ68;
						ProvisioningStyle = Automatic;
					};
					63F22FDF1ED89199005BBEC2 = {
						CreatedOnToolsVersion = 8.3.2;
						DevelopmentTeam = S2Y598CJ68;
						ProvisioningStyle = Automatic;
						TestTargetID = 63F22FC81ED89199005BBEC2;
					};
					63F22FEA1ED89199005BBEC2 = {
						CreatedOnToolsVersion = 8.3.2;
						DevelopmentTeam = S2Y598CJ68;
						ProvisioningStyle = Automatic;
						TestTargetID = 63F22FC81ED89199005BBEC2;
					};
				};
			};
			buildConfigurationList = 63F22FC41ED89198005BBEC2 /* Build configuration list for PBXProject "Pokedex" */;
			compatibilityVersion = "Xcode 3.2";
			developmentRegion = English;
			hasScannedForEncodings = 0;
			knownRegions = (
				en,
				Base,
			);
			mainGroup = 63F22FC01ED89198005BBEC2;
			productRefGroup = 63F22FCA1ED89199005BBEC2 /* Products */;
			projectDirPath = "";
			projectRoot = "";
			targets = (
				63F22FC81ED89199005BBEC2 /* Pokedex */,
				63F22FDF1ED89199005BBEC2 /* PokedexTests */,
				63F22FEA1ED89199005BBEC2 /* PokedexUITests */,
			);
		};
/* End PBXProject section */

/* Begin PBXResourcesBuildPhase section */
		63F22FC71ED89199005BBEC2 /* Resources */ = {
			isa = PBXResourcesBuildPhase;
			buildActionMask = 2147483647;
			files = (
				63F22FDA1ED89199005BBEC2 /* LaunchScreen.storyboard in Resources */,
				63F22FD71ED89199005BBEC2 /* Assets.xcassets in Resources */,
				63F22FD21ED89199005BBEC2 /* Main.storyboard in Resources */,
			);
			runOnlyForDeploymentPostprocessing = 0;
		};
		63F22FDE1ED89199005BBEC2 /* Resources */ = {
			isa = PBXResourcesBuildPhase;
			buildActionMask = 2147483647;
			files = (
			);
			runOnlyForDeploymentPostprocessing = 0;
		};
		63F22FE91ED89199005BBEC2 /* Resources */ = {
			isa = PBXResourcesBuildPhase;
			buildActionMask = 2147483647;
			files = (
			);
			runOnlyForDeploymentPostprocessing = 0;
		};
/* End PBXResourcesBuildPhase section */

/* Begin PBXSourcesBuildPhase section */
		63F22FC51ED89199005BBEC2 /* Sources */ = {
			isa = PBXSourcesBuildPhase;
			buildActionMask = 2147483647;
			files = (
				63F22FCF1ED89199005BBEC2 /* ViewController.swift in Sources */,
				63F22FD51ED89199005BBEC2 /* Pokedex.xcdatamodeld in Sources */,
				63F22FCD1ED89199005BBEC2 /* AppDelegate.swift in Sources */,
			);
			runOnlyForDeploymentPostprocessing = 0;
		};
		63F22FDC1ED89199005BBEC2 /* Sources */ = {
			isa = PBXSourcesBuildPhase;
			buildActionMask = 2147483647;
			files = (
				63F22FE51ED89199005BBEC2 /* PokedexTests.swift in Sources */,
			);
			runOnlyForDeploymentPostprocessing = 0;
		};
		63F22FE71ED89199005BBEC2 /* Sources */ = {
			isa = PBXSourcesBuildPhase;
			buildActionMask = 2147483647;
			files = (
				63F22FF01ED89199005BBEC2 /* PokedexUITests.swift in Sources */,
			);
			runOnlyForDeploymentPostprocessing = 0;
		};
/* End PBXSourcesBuildPhase section */

/* Begin PBXTargetDependency section */
		63F22FE21ED89199005BBEC2 /* PBXTargetDependency */ = {
			isa = PBXTargetDependency;
			target = 63F22FC81ED89199005BBEC2 /* Pokedex */;
			targetProxy = 63F22FE11ED89199005BBEC2 /* PBXContainerItemProxy */;
		};
		63F22FED1ED89199005BBEC2 /* PBXTargetDependency */ = {
			isa = PBXTargetDependency;
			target = 63F22FC81ED89199005BBEC2 /* Pokedex */;
			targetProxy = 63F22FEC1ED89199005BBEC2 /* PBXContainerItemProxy */;
		};
/* End PBXTargetDependency section */

/* Begin PBXVariantGroup section */
		63F22FD01ED89199005BBEC2 /* Main.storyboard */ = {
			isa = PBXVariantGroup;
			children = (
				63F22FD11ED89199005BBEC2 /* Base */,
			);
			name = Main.storyboard;
			sourceTree = "<group>";
		};
		63F22FD81ED89199005BBEC2 /* LaunchScreen.storyboard */ = {
			isa = PBXVariantGroup;
			children = (
				63F22FD91ED89199005BBEC2 /* Base */,
			);
			name = LaunchScreen.storyboard;
			sourceTree = "<group>";
		};
/* End PBXVariantGroup section */

/* Begin XCBuildConfiguration section */
		63F22FF21ED89199005BBEC2 /* Debug */ = {
			isa = XCBuildConfiguration;
			buildSettings = {
				ALWAYS_SEARCH_USER_PATHS = NO;
				CLANG_ANALYZER_NONNULL = YES;
				CLANG_ANALYZER_NUMBER_OBJECT_CONVERSION = YES_AGGRESSIVE;
				CLANG_CXX_LANGUAGE_STANDARD = "gnu++0x";
				CLANG_CXX_LIBRARY = "libc++";
				CLANG_ENABLE_MODULES = YES;
				CLANG_ENABLE_OBJC_ARC = YES;
				CLANG_WARN_BOOL_CONVERSION = YES;
				CLANG_WARN_CONSTANT_CONVERSION = YES;
				CLANG_WARN_DIRECT_OBJC_ISA_USAGE = YES_ERROR;
				CLANG_WARN_DOCUMENTATION_COMMENTS = YES;
				CLANG_WARN_EMPTY_BODY = YES;
				CLANG_WARN_ENUM_CONVERSION = YES;
				CLANG_WARN_INFINITE_RECURSION = YES;
				CLANG_WARN_INT_CONVERSION = YES;
				CLANG_WARN_OBJC_ROOT_CLASS = YES_ERROR;
				CLANG_WARN_SUSPICIOUS_MOVE = YES;
				CLANG_WARN_UNREACHABLE_CODE = YES;
				CLANG_WARN__DUPLICATE_METHOD_MATCH = YES;
				"CODE_SIGN_IDENTITY[sdk=iphoneos*]" = "iPhone Developer";
				COPY_PHASE_STRIP = NO;
				DEBUG_INFORMATION_FORMAT = dwarf;
				ENABLE_STRICT_OBJC_MSGSEND = YES;
				ENABLE_TESTABILITY = YES;
				GCC_C_LANGUAGE_STANDARD = gnu99;
				GCC_DYNAMIC_NO_PIC = NO;
				GCC_NO_COMMON_BLOCKS = YES;
				GCC_OPTIMIZATION_LEVEL = 0;
				GCC_PREPROCESSOR_DEFINITIONS = (
					"DEBUG=1",
					"$(inherited)",
				);
				GCC_WARN_64_TO_32_BIT_CONVERSION = YES;
				GCC_WARN_ABOUT_RETURN_TYPE = YES_ERROR;
				GCC_WARN_UNDECLARED_SELECTOR = YES;
				GCC_WARN_UNINITIALIZED_AUTOS = YES_AGGRESSIVE;
				GCC_WARN_UNUSED_FUNCTION = YES;
				GCC_WARN_UNUSED_VARIABLE = YES;
				IPHONEOS_DEPLOYMENT_TARGET = 10.3;
				MTL_ENABLE_DEBUG_INFO = YES;
				ONLY_ACTIVE_ARCH = YES;
				SDKROOT = iphoneos;
				SWIFT_ACTIVE_COMPILATION_CONDITIONS = DEBUG;
				SWIFT_OPTIMIZATION_LEVEL = "-Onone";
				TARGETED_DEVICE_FAMILY = "1,2";
			};
			name = Debug;
		};
		63F22FF31ED89199005BBEC2 /* Release */ = {
			isa = XCBuildConfiguration;
			buildSettings = {
				ALWAYS_SEARCH_USER_PATHS = NO;
				CLANG_ANALYZER_NONNULL = YES;
				CLANG_ANALYZER_NUMBER_OBJECT_CONVERSION = YES_AGGRESSIVE;
				CLANG_CXX_LANGUAGE_STANDARD = "gnu++0x";
				CLANG_CXX_LIBRARY = "libc++";
				CLANG_ENABLE_MODULES = YES;
				CLANG_ENABLE_OBJC_ARC = YES;
				CLANG_WARN_BOOL_CONVERSION = YES;
				CLANG_WARN_CONSTANT_CONVERSION = YES;
				CLANG_WARN_DIRECT_OBJC_ISA_USAGE = YES_ERROR;
				CLANG_WARN_DOCUMENTATION_COMMENTS = YES;
				CLANG_WARN_EMPTY_BODY = YES;
				CLANG_WARN_ENUM_CONVERSION = YES;
				CLANG_WARN_INFINITE_RECURSION = YES;
				CLANG_WARN_INT_CONVERSION = YES;
				CLANG_WARN_OBJC_ROOT_CLASS = YES_ERROR;
				CLANG_WARN_SUSPICIOUS_MOVE = YES;
				CLANG_WARN_UNREACHABLE_CODE = YES;
				CLANG_WARN__DUPLICATE_METHOD_MATCH = YES;
				"CODE_SIGN_IDENTITY[sdk=iphoneos*]" = "iPhone Developer";
				COPY_PHASE_STRIP = NO;
				DEBUG_INFORMATION_FORMAT = "dwarf-with-dsym";
				ENABLE_NS_ASSERTIONS = NO;
				ENABLE_STRICT_OBJC_MSGSEND = YES;
				GCC_C_LANGUAGE_STANDARD = gnu99;
				GCC_NO_COMMON_BLOCKS = YES;
				GCC_WARN_64_TO_32_BIT_CONVERSION = YES;
				GCC_WARN_ABOUT_RETURN_TYPE = YES_ERROR;
				GCC_WARN_UNDECLARED_SELECTOR = YES;
				GCC_WARN_UNINITIALIZED_AUTOS = YES_AGGRESSIVE;
				GCC_WARN_UNUSED_FUNCTION = YES;
				GCC_WARN_UNUSED_VARIABLE = YES;
				IPHONEOS_DEPLOYMENT_TARGET = 10.3;
				MTL_ENABLE_DEBUG_INFO = NO;
				SDKROOT = iphoneos;
				SWIFT_OPTIMIZATION_LEVEL = "-Owholemodule";
				TARGETED_DEVICE_FAMILY = "1,2";
				VALIDATE_PRODUCT = YES;
			};
			name = Release;
		};
		63F22FF51ED89199005BBEC2 /* Debug */ = {
			isa = XCBuildConfiguration;
			buildSettings = {
				ASSETCATALOG_COMPILER_APPICON_NAME = AppIcon;
				DEVELOPMENT_TEAM = S2Y598CJ68;
				INFOPLIST_FILE = Pokedex/Info.plist;
				LD_RUNPATH_SEARCH_PATHS = "$(inherited) @executable_path/Frameworks";
				PRODUCT_BUNDLE_IDENTIFIER = ALCG.Pokedex;
				PRODUCT_NAME = "$(TARGET_NAME)";
				SWIFT_VERSION = 3.0;
			};
			name = Debug;
		};
		63F22FF61ED89199005BBEC2 /* Release */ = {
			isa = XCBuildConfiguration;
			buildSettings = {
				ASSETCATALOG_COMPILER_APPICON_NAME = AppIcon;
				DEVELOPMENT_TEAM = S2Y598CJ68;
				INFOPLIST_FILE = Pokedex/Info.plist;
				LD_RUNPATH_SEARCH_PATHS = "$(inherited) @executable_path/Frameworks";
				PRODUCT_BUNDLE_IDENTIFIER = ALCG.Pokedex;
				PRODUCT_NAME = "$(TARGET_NAME)";
				SWIFT_VERSION = 3.0;
			};
			name = Release;
		};
		63F22FF81ED89199005BBEC2 /* Debug */ = {
			isa = XCBuildConfiguration;
			buildSettings = {
				ALWAYS_EMBED_SWIFT_STANDARD_LIBRARIES = YES;
				BUNDLE_LOADER = "$(TEST_HOST)";
				DEVELOPMENT_TEAM = S2Y598CJ68;
				INFOPLIST_FILE = PokedexTests/Info.plist;
				LD_RUNPATH_SEARCH_PATHS = "$(inherited) @executable_path/Frameworks @loader_path/Frameworks";
				PRODUCT_BUNDLE_IDENTIFIER = ALCG.PokedexTests;
				PRODUCT_NAME = "$(TARGET_NAME)";
				SWIFT_VERSION = 3.0;
				TEST_HOST = "$(BUILT_PRODUCTS_DIR)/Pokedex.app/Pokedex";
			};
			name = Debug;
		};
		63F22FF91ED89199005BBEC2 /* Release */ = {
			isa = XCBuildConfiguration;
			buildSettings = {
				ALWAYS_EMBED_SWIFT_STANDARD_LIBRARIES = YES;
				BUNDLE_LOADER = "$(TEST_HOST)";
				DEVELOPMENT_TEAM = S2Y598CJ68;
				INFOPLIST_FILE = PokedexTests/Info.plist;
				LD_RUNPATH_SEARCH_PATHS = "$(inherited) @executable_path/Frameworks @loader_path/Frameworks";
				PRODUCT_BUNDLE_IDENTIFIER = ALCG.PokedexTests;
				PRODUCT_NAME = "$(TARGET_NAME)";
				SWIFT_VERSION = 3.0;
				TEST_HOST = "$(BUILT_PRODUCTS_DIR)/Pokedex.app/Pokedex";
			};
			name = Release;
		};
		63F22FFB1ED89199005BBEC2 /* Debug */ = {
			isa = XCBuildConfiguration;
			buildSettings = {
				ALWAYS_EMBED_SWIFT_STANDARD_LIBRARIES = YES;
				DEVELOPMENT_TEAM = S2Y598CJ68;
				INFOPLIST_FILE = PokedexUITests/Info.plist;
				LD_RUNPATH_SEARCH_PATHS = "$(inherited) @executable_path/Frameworks @loader_path/Frameworks";
				PRODUCT_BUNDLE_IDENTIFIER = ALCG.PokedexUITests;
				PRODUCT_NAME = "$(TARGET_NAME)";
				SWIFT_VERSION = 3.0;
				TEST_TARGET_NAME = Pokedex;
			};
			name = Debug;
		};
		63F22FFC1ED89199005BBEC2 /* Release */ = {
			isa = XCBuildConfiguration;
			buildSettings = {
				ALWAYS_EMBED_SWIFT_STANDARD_LIBRARIES = YES;
				DEVELOPMENT_TEAM = S2Y598CJ68;
				INFOPLIST_FILE = PokedexUITests/Info.plist;
				LD_RUNPATH_SEARCH_PATHS = "$(inherited) @executable_path/Frameworks @loader_path/Frameworks";
				PRODUCT_BUNDLE_IDENTIFIER = ALCG.PokedexUITests;
				PRODUCT_NAME = "$(TARGET_NAME)";
				SWIFT_VERSION = 3.0;
				TEST_TARGET_NAME = Pokedex;
			};
			name = Release;
		};
/* End XCBuildConfiguration section */

/* Begin XCConfigurationList section */
		63F22FC41ED89198005BBEC2 /* Build configuration list for PBXProject "Pokedex" */ = {
			isa = XCConfigurationList;
			buildConfigurations = (
				63F22FF21ED89199005BBEC2 /* Debug */,
				63F22FF31ED89199005BBEC2 /* Release */,
			);
			defaultConfigurationIsVisible = 0;
			defaultConfigurationName = Release;
		};
		63F22FF41ED89199005BBEC2 /* Build configuration list for PBXNativeTarget "Pokedex" */ = {
			isa = XCConfigurationList;
			buildConfigurations = (
				63F22FF51ED89199005BBEC2 /* Debug */,
				63F22FF61ED89199005BBEC2 /* Release */,
			);
			defaultConfigurationIsVisible = 0;
		};
		63F22FF71ED89199005BBEC2 /* Build configuration list for PBXNativeTarget "PokedexTests" */ = {
			isa = XCConfigurationList;
			buildConfigurations = (
				63F22FF81ED89199005BBEC2 /* Debug */,
				63F22FF91ED89199005BBEC2 /* Release */,
			);
			defaultConfigurationIsVisible = 0;
		};
		63F22FFA1ED89199005BBEC2 /* Build configuration list for PBXNativeTarget "PokedexUITests" */ = {
			isa = XCConfigurationList;
			buildConfigurations = (
				63F22FFB1ED89199005BBEC2 /* Debug */,
				63F22FFC1ED89199005BBEC2 /* Release */,
			);
			defaultConfigurationIsVisible = 0;
		};
/* End XCConfigurationList section */

/* Begin XCVersionGroup section */
		63F22FD31ED89199005BBEC2 /* Pokedex.xcdatamodeld */ = {
			isa = XCVersionGroup;
			children = (
				63F22FD41ED89199005BBEC2 /* Pokedex.xcdatamodel */,
			);
			currentVersion = 63F22FD41ED89199005BBEC2 /* Pokedex.xcdatamodel */;
			path = Pokedex.xcdatamodeld;
			sourceTree = "<group>";
			versionGroupType = wrapper.xcdatamodel;
		};
/* End XCVersionGroup section */
	};
	rootObject = 63F22FC11ED89198005BBEC2 /* Project object */;
}
